
Microsoft Visual Studio Solution File, Format Version 12.00
# Visual Studio Version 17
VisualStudioVersion = 17.9.34622.214
MinimumVisualStudioVersion = 10.0.40219.1
Project("{FAE04EC0-301F-11D3-BF4B-00C04F79EFBC}") = "webapp", "webapp\webapp.csproj", "{60B48CDD-A54A-4C7E-9ED0-72E4785309E5}"
EndProject
Global
	GlobalSection(SolutionConfigurationPlatforms) = preSolution
		Debug|Any CPU = Debug|Any CPU
		Release|Any CPU = Release|Any CPU
	EndGlobalSection
	GlobalSection(ProjectConfigurationPlatforms) = postSolution
		{60B48CDD-A54A-4C7E-9ED0-72E4785309E5}.Debug|Any CPU.ActiveCfg = Debug|Any CPU
		{60B48CDD-A54A-4C7E-9ED0-72E4785309E5}.Debug|Any CPU.Build.0 = Debug|Any CPU
		{60B48CDD-A54A-4C7E-9ED0-72E4785309E5}.Release|Any CPU.ActiveCfg = Release|Any CPU
		{60B48CDD-A54A-4C7E-9ED0-72E4785309E5}.Release|Any CPU.Build.0 = Release|Any CPU
	EndGlobalSection
	GlobalSection(SolutionProperties) = preSolution
		HideSolutionNode = FALSE
	EndGlobalSection
	GlobalSection(ExtensibilityGlobals) = postSolution
		SolutionGuid = {FDA6D83A-57DD-46AD-A28F-FC88AC74B356}
	EndGlobalSection
EndGlobal
